
Microsoft Visual Studio Solution File, Format Version 12.00
# Visual Studio Version 17
VisualStudioVersion = 17.2.32616.157
MinimumVisualStudioVersion = 10.0.40219.1
Project("{FAE04EC0-301F-11D3-BF4B-00C04F79EFBC}") = "Csharp_proj_1", "Csharp_proj_1\Csharp_proj_1.csproj", "{2921CDA6-01CD-4BF3-8C4D-47EFFC5A99CA}"
EndProject
Global
	GlobalSection(SolutionConfigurationPlatforms) = preSolution
		Debug|Any CPU = Debug|Any CPU
		Release|Any CPU = Release|Any CPU
	EndGlobalSection
	GlobalSection(ProjectConfigurationPlatforms) = postSolution
		{2921CDA6-01CD-4BF3-8C4D-47EFFC5A99CA}.Debug|Any CPU.ActiveCfg = Debug|Any CPU
		{2921CDA6-01CD-4BF3-8C4D-47EFFC5A99CA}.Debug|Any CPU.Build.0 = Debug|Any CPU
		{2921CDA6-01CD-4BF3-8C4D-47EFFC5A99CA}.Release|Any CPU.ActiveCfg = Release|Any CPU
		{2921CDA6-01CD-4BF3-8C4D-47EFFC5A99CA}.Release|Any CPU.Build.0 = Release|Any CPU
	EndGlobalSection
	GlobalSection(SolutionProperties) = preSolution
		HideSolutionNode = FALSE
	EndGlobalSection
	GlobalSection(ExtensibilityGlobals) = postSolution
		SolutionGuid = {2143C005-F631-4513-AB4B-34432390D41C}
	EndGlobalSection
EndGlobal
